
Microsoft Visual Studio Solution File, Format Version 12.00
# Visual Studio 15
VisualStudioVersion = 15.0.28307.1022
MinimumVisualStudioVersion = 10.0.40219.1
Project("{FAE04EC0-301F-11D3-BF4B-00C04F79EFBC}") = "CalculatorApp", "CalculatorApp\CalculatorApp.csproj", "{AE1B33DF-8A76-4B8F-84AA-56AB68E54476}"
EndProject
Global
	GlobalSection(SolutionConfigurationPlatforms) = preSolution
		Debug|Any CPU = Debug|Any CPU
		Release|Any CPU = Release|Any CPU
	EndGlobalSection
	GlobalSection(ProjectConfigurationPlatforms) = postSolution
		{AE1B33DF-8A76-4B8F-84AA-56AB68E54476}.Debug|Any CPU.ActiveCfg = Debug|Any CPU
		{AE1B33DF-8A76-4B8F-84AA-56AB68E54476}.Debug|Any CPU.Build.0 = Debug|Any CPU
		{AE1B33DF-8A76-4B8F-84AA-56AB68E54476}.Release|Any CPU.ActiveCfg = Release|Any CPU
		{AE1B33DF-8A76-4B8F-84AA-56AB68E54476}.Release|Any CPU.Build.0 = Release|Any CPU
	EndGlobalSection
	GlobalSection(SolutionProperties) = preSolution
		HideSolutionNode = FALSE
	EndGlobalSection
	GlobalSection(ExtensibilityGlobals) = postSolution
		SolutionGuid = {33A8BBEA-59AE-4500-B50F-9B0563612ECE}
	EndGlobalSection
EndGlobal
